# This file was autogenerated by Stack.
# You should not edit this file by hand.
# For more information, please see the documentation at:
#   https://docs.haskellstack.org/en/stable/lock_files

packages:
- completed:
    size: 17725780
    subdir: core
    url: https://github.com/brendanhay/gogol/archive/2d3d9319b1a57c4a0a565637102d74420bcb6a0f.tar.gz
    name: gogol-core
    version: 0.5.0
    sha256: 3b7a44bfcfb7dd7df2764b83190556b3a57666ae01c2ca4b6c0c196cef880598
    pantry-tree:
      size: 732
      sha256: 660d125fcb86038a6508fbec2c06efae6f4e9376a71ff13a4c86eb0ca3c16d40
  original:
    subdir: core
    url: https://github.com/brendanhay/gogol/archive/2d3d9319b1a57c4a0a565637102d74420bcb6a0f.tar.gz
- completed:
    size: 17725780
    subdir: gogol-sheets
    url: https://github.com/brendanhay/gogol/archive/2d3d9319b1a57c4a0a565637102d74420bcb6a0f.tar.gz
    name: gogol-sheets
    version: 0.5.0
    sha256: 3b7a44bfcfb7dd7df2764b83190556b3a57666ae01c2ca4b6c0c196cef880598
    pantry-tree:
      size: 2455
      sha256: 02dbd9536f30a94464bd33fd3a365792024a748236f5c5448944815886f32a10
  original:
    subdir: gogol-sheets
    url: https://github.com/brendanhay/gogol/archive/2d3d9319b1a57c4a0a565637102d74420bcb6a0f.tar.gz
snapshots:
- completed:
    size: 590102
    url: https://raw.githubusercontent.com/commercialhaskell/stackage-snapshots/master/lts/18/27.yaml
    sha256: 79a786674930a89301b0e908fad2822a48882f3d01486117693c377b8edffdbe
  original:
    url: https://raw.githubusercontent.com/commercialhaskell/stackage-snapshots/master/lts/18/27.yaml
